
Microsoft Visual Studio Solution File, Format Version 12.00
# Visual Studio 15
VisualStudioVersion = 15.0.26124.0
MinimumVisualStudioVersion = 15.0.26124.0
Project("{2150E333-8FDC-42A3-9474-1A3956D46DE8}") = "src", "src", "{87B6BE25-FD30-4F43-A57B-9A009DC722DE}"
EndProject
Project("{FAE04EC0-301F-11D3-BF4B-00C04F79EFBC}") = "Sane", "src\Sane\Sane.csproj", "{CC19FBE9-1884-45EC-A8C8-C892F4F53425}"
EndProject
Project("{FAE04EC0-301F-11D3-BF4B-00C04F79EFBC}") = "Sane.Test", "src\Sane.Test\Sane.Test.csproj", "{B7AF6286-FBEF-4BF6-A6C3-C1DE9643FA33}"
EndProject
Global
	GlobalSection(SolutionConfigurationPlatforms) = preSolution
		Debug|Any CPU = Debug|Any CPU
		Debug|x64 = Debug|x64
		Debug|x86 = Debug|x86
		Release|Any CPU = Release|Any CPU
		Release|x64 = Release|x64
		Release|x86 = Release|x86
	EndGlobalSection
	GlobalSection(SolutionProperties) = preSolution
		HideSolutionNode = FALSE
	EndGlobalSection
	GlobalSection(ProjectConfigurationPlatforms) = postSolution
		{CC19FBE9-1884-45EC-A8C8-C892F4F53425}.Debug|Any CPU.ActiveCfg = Debug|Any CPU
		{CC19FBE9-1884-45EC-A8C8-C892F4F53425}.Debug|Any CPU.Build.0 = Debug|Any CPU
		{CC19FBE9-1884-45EC-A8C8-C892F4F53425}.Release|Any CPU.ActiveCfg = Release|Any CPU
		{CC19FBE9-1884-45EC-A8C8-C892F4F53425}.Release|Any CPU.Build.0 = Release|Any CPU
		{B7AF6286-FBEF-4BF6-A6C3-C1DE9643FA33}.Debug|Any CPU.ActiveCfg = Debug|Any CPU
		{B7AF6286-FBEF-4BF6-A6C3-C1DE9643FA33}.Debug|Any CPU.Build.0 = Debug|Any CPU
		{B7AF6286-FBEF-4BF6-A6C3-C1DE9643FA33}.Release|Any CPU.ActiveCfg = Release|Any CPU
		{B7AF6286-FBEF-4BF6-A6C3-C1DE9643FA33}.Release|Any CPU.Build.0 = Release|Any CPU
	EndGlobalSection
	GlobalSection(NestedProjects) = preSolution
		{CC19FBE9-1884-45EC-A8C8-C892F4F53425} = {87B6BE25-FD30-4F43-A57B-9A009DC722DE}
		{B7AF6286-FBEF-4BF6-A6C3-C1DE9643FA33} = {87B6BE25-FD30-4F43-A57B-9A009DC722DE}
	EndGlobalSection
EndGlobal
